// !$*UTF8*$!
{
	archiveVersion = 1;
	classes = {
	};
	objectVersion = 50;
	objects = {

/* Begin PBXBuildFile section */
		80317D172163569C00C867BE /* AppDelegate.swift in Sources */ = {isa = PBXBuildFile; fileRef = 80317D162163569C00C867BE /* AppDelegate.swift */; };
		80317D192163569C00C867BE /* ViewController.swift in Sources */ = {isa = PBXBuildFile; fileRef = 80317D182163569C00C867BE /* ViewController.swift */; };
		80317D1C2163569C00C867BE /* Main.storyboard in Resources */ = {isa = PBXBuildFile; fileRef = 80317D1A2163569C00C867BE /* Main.storyboard */; };
		80317D1E2163569E00C867BE /* Assets.xcassets in Resources */ = {isa = PBXBuildFile; fileRef = 80317D1D2163569E00C867BE /* Assets.xcassets */; };
		80317D212163569E00C867BE /* LaunchScreen.storyboard in Resources */ = {isa = PBXBuildFile; fileRef = 80317D1F2163569E00C867BE /* LaunchScreen.storyboard */; };
		80317D2921635D6400C867BE /* MicManager.swift in Sources */ = {isa = PBXBuildFile; fileRef = 80317D2821635D6400C867BE /* MicManager.swift */; };
		80317D2B2163825C00C867BE /* SoundLevelView.swift in Sources */ = {isa = PBXBuildFile; fileRef = 80317D2A2163825C00C867BE /* SoundLevelView.swift */; };
		80317D2D216382A700C867BE /* SoundLevelView.xib in Resources */ = {isa = PBXBuildFile; fileRef = 80317D2C216382A700C867BE /* SoundLevelView.xib */; };
/* End PBXBuildFile section */

/* Begin PBXFileReference section */
		80317D132163569C00C867BE /* DecibelMeter.app */ = {isa = PBXFileReference; explicitFileType = wrapper.application; includeInIndex = 0; path = DecibelMeter.app; sourceTree = BUILT_PRODUCTS_DIR; };
		80317D162163569C00C867BE /* AppDelegate.swift */ = {isa = PBXFileReference; lastKnownFileType = sourcecode.swift; path = AppDelegate.swift; sourceTree = "<group>"; };
		80317D182163569C00C867BE /* ViewController.swift */ = {isa = PBXFileReference; lastKnownFileType = sourcecode.swift; path = ViewController.swift; sourceTree = "<group>"; };
		80317D1B2163569C00C867BE /* Base */ = {isa = PBXFileReference; lastKnownFileType = file.storyboard; name = Base; path = Base.lproj/Main.storyboard; sourceTree = "<group>"; };
		80317D1D2163569E00C867BE /* Assets.xcassets */ = {isa = PBXFileReference; lastKnownFileType = folder.assetcatalog; path = Assets.xcassets; sourceTree = "<group>"; };
		80317D202163569E00C867BE /* Base */ = {isa = PBXFileReference; lastKnownFileType = file.storyboard; name = Base; path = Base.lproj/LaunchScreen.storyboard; sourceTree = "<group>"; };
		80317D222163569E00C867BE /* Info.plist */ = {isa = PBXFileReference; lastKnownFileType = text.plist.xml; path = Info.plist; sourceTree = "<group>"; };
		80317D2821635D6400C867BE /* MicManager.swift */ = {isa = PBXFileReference; lastKnownFileType = sourcecode.swift; path = MicManager.swift; sourceTree = "<group>"; };
		80317D2A2163825C00C867BE /* SoundLevelView.swift */ = {isa = PBXFileReference; lastKnownFileType = sourcecode.swift; path = SoundLevelView.swift; sourceTree = "<group>"; };
		80317D2C216382A700C867BE /* SoundLevelView.xib */ = {isa = PBXFileReference; lastKnownFileType = file.xib; path = SoundLevelView.xib; sourceTree = "<group>"; };
/* End PBXFileReference section */

/* Begin PBXFrameworksBuildPhase section */
		80317D102163569C00C867BE /* Frameworks */ = {
			isa = PBXFrameworksBuildPhase;
			buildActionMask = 2147483647;
			files = (
			);
			runOnlyForDeploymentPostprocessing = 0;
		};
/* End PBXFrameworksBuildPhase section */

/* Begin PBXGroup section */
		80317D0A2163569C00C867BE = {
			isa = PBXGroup;
			children = (
				80317D152163569C00C867BE /* DecibelMeter */,
				80317D142163569C00C867BE /* Products */,
			);
			sourceTree = "<group>";
		};
		80317D142163569C00C867BE /* Products */ = {
			isa = PBXGroup;
			children = (
				80317D132163569C00C867BE /* DecibelMeter.app */,
			);
			name = Products;
			sourceTree = "<group>";
		};
		80317D152163569C00C867BE /* DecibelMeter */ = {
			isa = PBXGroup;
			children = (
				80317D162163569C00C867BE /* AppDelegate.swift */,
				80317D182163569C00C867BE /* ViewController.swift */,
				80317D2821635D6400C867BE /* MicManager.swift */,
				80317D2A2163825C00C867BE /* SoundLevelView.swift */,
				80317D2C216382A700C867BE /* SoundLevelView.xib */,
				80317D1A2163569C00C867BE /* Main.storyboard */,
				80317D1D2163569E00C867BE /* Assets.xcassets */,
				80317D1F2163569E00C867BE /* LaunchScreen.storyboard */,
				80317D222163569E00C867BE /* Info.plist */,
			);
			path = DecibelMeter;
			sourceTree = "<group>";
		};
/* End PBXGroup section */

/* Begin PBXNativeTarget section */
		80317D122163569C00C867BE /* DecibelMeter */ = {
			isa = PBXNativeTarget;
			buildConfigurationList = 80317D252163569E00C867BE /* Build configuration list for PBXNativeTarget "DecibelMeter" */;
			buildPhases = (
				80317D0F2163569C00C867BE /* Sources */,
				80317D102163569C00C867BE /* Frameworks */,
				80317D112163569C00C867BE /* Resources */,
			);
			buildRules = (
			);
			dependencies = (
			);
			name = DecibelMeter;
			productName = DecibelMeter;
			productReference = 80317D132163569C00C867BE /* DecibelMeter.app */;
			productType = "com.apple.product-type.application";
		};
/* End PBXNativeTarget section */

/* Begin PBXProject section */
		80317D0B2163569C00C867BE /* Project object */ = {
			isa = PBXProject;
			attributes = {
				LastSwiftUpdateCheck = 0940;
				LastUpgradeCheck = 0940;
				ORGANIZATIONNAME = "Steven Yonanta Siswanto";
				TargetAttributes = {
					80317D122163569C00C867BE = {
						CreatedOnToolsVersion = 9.4.1;
					};
				};
			};
			buildConfigurationList = 80317D0E2163569C00C867BE /* Build configuration list for PBXProject "DecibelMeter" */;
			compatibilityVersion = "Xcode 9.3";
			developmentRegion = en;
			hasScannedForEncodings = 0;
			knownRegions = (
				en,
				Base,
			);
			mainGroup = 80317D0A2163569C00C867BE;
			productRefGroup = 80317D142163569C00C867BE /* Products */;
			projectDirPath = "";
			projectRoot = "";
			targets = (
				80317D122163569C00C867BE /* DecibelMeter */,
			);
		};
/* End PBXProject section */

/* Begin PBXResourcesBuildPhase section */
		80317D112163569C00C867BE /* Resources */ = {
			isa = PBXResourcesBuildPhase;
			buildActionMask = 2147483647;
			files = (
				80317D212163569E00C867BE /* LaunchScreen.storyboard in Resources */,
				80317D1E2163569E00C867BE /* Assets.xcassets in Resources */,
				80317D1C2163569C00C867BE /* Main.storyboard in Resources */,
				80317D2D216382A700C867BE /* SoundLevelView.xib in Resources */,
			);
			runOnlyForDeploymentPostprocessing = 0;
		};
/* End PBXResourcesBuildPhase section */

/* Begin PBXSourcesBuildPhase section */
		80317D0F2163569C00C867BE /* Sources */ = {
			isa = PBXSourcesBuildPhase;
			buildActionMask = 2147483647;
			files = (
				80317D192163569C00C867BE /* ViewController.swift in Sources */,
				80317D172163569C00C867BE /* AppDelegate.swift in Sources */,
				80317D2921635D6400C867BE /* MicManager.swift in Sources */,
				80317D2B2163825C00C867BE /* SoundLevelView.swift in Sources */,
			);
			runOnlyForDeploymentPostprocessing = 0;
		};
/* End PBXSourcesBuildPhase section */

/* Begin PBXVariantGroup section */
		80317D1A2163569C00C867BE /* Main.storyboard */ = {
			isa = PBXVariantGroup;
			children = (
				80317D1B2163569C00C867BE /* Base */,
			);
			name = Main.storyboard;
			sourceTree = "<group>";
		};
		80317D1F2163569E00C867BE /* LaunchScreen.storyboard */ = {
			isa = PBXVariantGroup;
			children = (
				80317D202163569E00C867BE /* Base */,
			);
			name = LaunchScreen.storyboard;
			sourceTree = "<group>";
		};
/* End PBXVariantGroup section */

/* Begin XCBuildConfiguration section */
		80317D232163569E00C867BE /* Debug */ = {
			isa = XCBuildConfiguration;
			buildSettings = {
				ALWAYS_SEARCH_USER_PATHS = NO;
				CLANG_ANALYZER_NONNULL = YES;
				CLANG_ANALYZER_NUMBER_OBJECT_CONVERSION = YES_AGGRESSIVE;
				CLANG_CXX_LANGUAGE_STANDARD = "gnu++14";
				CLANG_CXX_LIBRARY = "libc++";
				CLANG_ENABLE_MODULES = YES;
				CLANG_ENABLE_OBJC_ARC = YES;
				CLANG_ENABLE_OBJC_WEAK = YES;
				CLANG_WARN_BLOCK_CAPTURE_AUTORELEASING = YES;
				CLANG_WARN_BOOL_CONVERSION = YES;
				CLANG_WARN_COMMA = YES;
				CLANG_WARN_CONSTANT_CONVERSION = YES;
				CLANG_WARN_DEPRECATED_OBJC_IMPLEMENTATIONS = YES;
				CLANG_WARN_DIRECT_OBJC_ISA_USAGE = YES_ERROR;
				CLANG_WARN_DOCUMENTATION_COMMENTS = YES;
				CLANG_WARN_EMPTY_BODY = YES;
				CLANG_WARN_ENUM_CONVERSION = YES;
				CLANG_WARN_INFINITE_RECURSION = YES;
				CLANG_WARN_INT_CONVERSION = YES;
				CLANG_WARN_NON_LITERAL_NULL_CONVERSION = YES;
				CLANG_WARN_OBJC_IMPLICIT_RETAIN_SELF = YES;
				CLANG_WARN_OBJC_LITERAL_CONVERSION = YES;
				CLANG_WARN_OBJC_ROOT_CLASS = YES_ERROR;
				CLANG_WARN_RANGE_LOOP_ANALYSIS = YES;
				CLANG_WARN_STRICT_PROTOTYPES = YES;
				CLANG_WARN_SUSPICIOUS_MOVE = YES;
				CLANG_WARN_UNGUARDED_AVAILABILITY = YES_AGGRESSIVE;
				CLANG_WARN_UNREACHABLE_CODE = YES;
				CLANG_WARN__DUPLICATE_METHOD_MATCH = YES;
				CODE_SIGN_IDENTITY = "iPhone Developer";
				COPY_PHASE_STRIP = NO;
				DEBUG_INFORMATION_FORMAT = dwarf;
				ENABLE_STRICT_OBJC_MSGSEND = YES;
				ENABLE_TESTABILITY = YES;
				GCC_C_LANGUAGE_STANDARD = gnu11;
				GCC_DYNAMIC_NO_PIC = NO;
				GCC_NO_COMMON_BLOCKS = YES;
				GCC_OPTIMIZATION_LEVEL = 0;
				GCC_PREPROCESSOR_DEFINITIONS = (
					"DEBUG=1",
					"$(inherited)",
				);
				GCC_WARN_64_TO_32_BIT_CONVERSION = YES;
				GCC_WARN_ABOUT_RETURN_TYPE = YES_ERROR;
				GCC_WARN_UNDECLARED_SELECTOR = YES;
				GCC_WARN_UNINITIALIZED_AUTOS = YES_AGGRESSIVE;
				GCC_WARN_UNUSED_FUNCTION = YES;
				GCC_WARN_UNUSED_VARIABLE = YES;
				IPHONEOS_DEPLOYMENT_TARGET = 11.4;
				MTL_ENABLE_DEBUG_INFO = YES;
				ONLY_ACTIVE_ARCH = YES;
				SDKROOT = iphoneos;
				SWIFT_ACTIVE_COMPILATION_CONDITIONS = DEBUG;
				SWIFT_OPTIMIZATION_LEVEL = "-Onone";
			};
			name = Debug;
		};
		80317D242163569E00C867BE /* Release */ = {
			isa = XCBuildConfiguration;
			buildSettings = {
				ALWAYS_SEARCH_USER_PATHS = NO;
				CLANG_ANALYZER_NONNULL = YES;
				CLANG_ANALYZER_NUMBER_OBJECT_CONVERSION = YES_AGGRESSIVE;
				CLANG_CXX_LANGUAGE_STANDARD = "gnu++14";
				CLANG_CXX_LIBRARY = "libc++";
				CLANG_ENABLE_MODULES = YES;
				CLANG_ENABLE_OBJC_ARC = YES;
				CLANG_ENABLE_OBJC_WEAK = YES;
				CLANG_WARN_BLOCK_CAPTURE_AUTORELEASING = YES;
				CLANG_WARN_BOOL_CONVERSION = YES;
				CLANG_WARN_COMMA = YES;
				CLANG_WARN_CONSTANT_CONVERSION = YES;
				CLANG_WARN_DEPRECATED_OBJC_IMPLEMENTATIONS = YES;
				CLANG_WARN_DIRECT_OBJC_ISA_USAGE = YES_ERROR;
				CLANG_WARN_DOCUMENTATION_COMMENTS = YES;
				CLANG_WARN_EMPTY_BODY = YES;
				CLANG_WARN_ENUM_CONVERSION = YES;
				CLANG_WARN_INFINITE_RECURSION = YES;
				CLANG_WARN_INT_CONVERSION = YES;
				CLANG_WARN_NON_LITERAL_NULL_CONVERSION = YES;
				CLANG_WARN_OBJC_IMPLICIT_RETAIN_SELF = YES;
				CLANG_WARN_OBJC_LITERAL_CONVERSION = YES;
				CLANG_WARN_OBJC_ROOT_CLASS = YES_ERROR;
				CLANG_WARN_RANGE_LOOP_ANALYSIS = YES;
				CLANG_WARN_STRICT_PROTOTYPES = YES;
				CLANG_WARN_SUSPICIOUS_MOVE = YES;
				CLANG_WARN_UNGUARDED_AVAILABILITY = YES_AGGRESSIVE;
				CLANG_WARN_UNREACHABLE_CODE = YES;
				CLANG_WARN__DUPLICATE_METHOD_MATCH = YES;
				CODE_SIGN_IDENTITY = "iPhone Developer";
				COPY_PHASE_STRIP = NO;
				DEBUG_INFORMATION_FORMAT = "dwarf-with-dsym";
				ENABLE_NS_ASSERTIONS = NO;
				ENABLE_STRICT_OBJC_MSGSEND = YES;
				GCC_C_LANGUAGE_STANDARD = gnu11;
				GCC_NO_COMMON_BLOCKS = YES;
				GCC_WARN_64_TO_32_BIT_CONVERSION = YES;
				GCC_WARN_ABOUT_RETURN_TYPE = YES_ERROR;
				GCC_WARN_UNDECLARED_SELECTOR = YES;
				GCC_WARN_UNINITIALIZED_AUTOS = YES_AGGRESSIVE;
				GCC_WARN_UNUSED_FUNCTION = YES;
				GCC_WARN_UNUSED_VARIABLE = YES;
				IPHONEOS_DEPLOYMENT_TARGET = 11.4;
				MTL_ENABLE_DEBUG_INFO = NO;
				SDKROOT = iphoneos;
				SWIFT_COMPILATION_MODE = wholemodule;
				SWIFT_OPTIMIZATION_LEVEL = "-O";
				VALIDATE_PRODUCT = YES;
			};
			name = Release;
		};
		80317D262163569E00C867BE /* Debug */ = {
			isa = XCBuildConfiguration;
			buildSettings = {
				ASSETCATALOG_COMPILER_APPICON_NAME = AppIcon;
				CODE_SIGN_STYLE = Automatic;
				DEVELOPMENT_TEAM = 8PGR5KEQRA;
				INFOPLIST_FILE = DecibelMeter/Info.plist;
				IPHONEOS_DEPLOYMENT_TARGET = 9.0;
				LD_RUNPATH_SEARCH_PATHS = (
					"$(inherited)",
					"@executable_path/Frameworks",
				);
				PRODUCT_BUNDLE_IDENTIFIER = com.sjs.DecibelMeter;
				PRODUCT_NAME = "$(TARGET_NAME)";
				SWIFT_VERSION = 4.0;
				TARGETED_DEVICE_FAMILY = "1,2";
			};
			name = Debug;
		};
		80317D272163569E00C867BE /* Release */ = {
			isa = XCBuildConfiguration;
			buildSettings = {
				ASSETCATALOG_COMPILER_APPICON_NAME = AppIcon;
				CODE_SIGN_STYLE = Automatic;
				DEVELOPMENT_TEAM = 8PGR5KEQRA;
				INFOPLIST_FILE = DecibelMeter/Info.plist;
				IPHONEOS_DEPLOYMENT_TARGET = 9.0;
				LD_RUNPATH_SEARCH_PATHS = (
					"$(inherited)",
					"@executable_path/Frameworks",
				);
				PRODUCT_BUNDLE_IDENTIFIER = com.sjs.DecibelMeter;
				PRODUCT_NAME = "$(TARGET_NAME)";
				SWIFT_VERSION = 4.0;
				TARGETED_DEVICE_FAMILY = "1,2";
			};
			name = Release;
		};
/* End XCBuildConfiguration section */

/* Begin XCConfigurationList section */
		80317D0E2163569C00C867BE /* Build configuration list for PBXProject "DecibelMeter" */ = {
			isa = XCConfigurationList;
			buildConfigurations = (
				80317D232163569E00C867BE /* Debug */,
				80317D242163569E00C867BE /* Release */,
			);
			defaultConfigurationIsVisible = 0;
			defaultConfigurationName = Release;
		};
		80317D252163569E00C867BE /* Build configuration list for PBXNativeTarget "DecibelMeter" */ = {
			isa = XCConfigurationList;
			buildConfigurations = (
				80317D262163569E00C867BE /* Debug */,
				80317D272163569E00C867BE /* Release */,
			);
			defaultConfigurationIsVisible = 0;
			defaultConfigurationName = Release;
		};
/* End XCConfigurationList section */
	};
	rootObject = 80317D0B2163569C00C867BE /* Project object */;
}
